// !$*UTF8*$!
{
	archiveVersion = 1;
	classes = {
	};
	objectVersion = 56;
	objects = {

/* Begin PBXBuildFile section */
		1E1B0B0E2C6B5707001558A8 /* CryptoDetailsViewController.swift in Sources */ = {isa = PBXBuildFile; fileRef = 1E1B0B0D2C6B5707001558A8 /* CryptoDetailsViewController.swift */; };
		1E1B0B102C6CADE6001558A8 /* TabBarController.swift in Sources */ = {isa = PBXBuildFile; fileRef = 1E1B0B0F2C6CADE6001558A8 /* TabBarController.swift */; };
		1E1B0B122C6CD4E8001558A8 /* User.swift in Sources */ = {isa = PBXBuildFile; fileRef = 1E1B0B112C6CD4E8001558A8 /* User.swift */; };
		1E1B0B142C6CD579001558A8 /* Service.swift in Sources */ = {isa = PBXBuildFile; fileRef = 1E1B0B132C6CD579001558A8 /* Service.swift */; };
		1E1B0B162C6CDC35001558A8 /* AccountView.swift in Sources */ = {isa = PBXBuildFile; fileRef = 1E1B0B152C6CDC35001558A8 /* AccountView.swift */; };
		1E99F2B62C6217D300E1B6D0 /* AppDelegate.swift in Sources */ = {isa = PBXBuildFile; fileRef = 1E99F2B52C6217D300E1B6D0 /* AppDelegate.swift */; };
		1E99F2B82C6217D300E1B6D0 /* SceneDelegate.swift in Sources */ = {isa = PBXBuildFile; fileRef = 1E99F2B72C6217D300E1B6D0 /* SceneDelegate.swift */; };
		1E99F2BA2C6217D300E1B6D0 /* LoginViewController.swift in Sources */ = {isa = PBXBuildFile; fileRef = 1E99F2B92C6217D300E1B6D0 /* LoginViewController.swift */; };
		1E99F2BF2C6217D400E1B6D0 /* Assets.xcassets in Resources */ = {isa = PBXBuildFile; fileRef = 1E99F2BE2C6217D400E1B6D0 /* Assets.xcassets */; };
		1E99F2C22C6217D400E1B6D0 /* LaunchScreen.storyboard in Resources */ = {isa = PBXBuildFile; fileRef = 1E99F2C02C6217D400E1B6D0 /* LaunchScreen.storyboard */; };
		1E99F2CE2C6219E700E1B6D0 /* Extensions.swift in Sources */ = {isa = PBXBuildFile; fileRef = 1E99F2CD2C6219E700E1B6D0 /* Extensions.swift */; };
		1E99F2D22C62246C00E1B6D0 /* AuthenticationInputView.swift in Sources */ = {isa = PBXBuildFile; fileRef = 1E99F2D12C62246C00E1B6D0 /* AuthenticationInputView.swift */; };
		1E99F2D42C6225BB00E1B6D0 /* CustomTextField.swift in Sources */ = {isa = PBXBuildFile; fileRef = 1E99F2D32C6225BB00E1B6D0 /* CustomTextField.swift */; };
		1E99F2D62C622C3A00E1B6D0 /* CustomLoginButton.swift in Sources */ = {isa = PBXBuildFile; fileRef = 1E99F2D52C622C3A00E1B6D0 /* CustomLoginButton.swift */; };
		1E99F2D82C62392B00E1B6D0 /* RegisterViewController.swift in Sources */ = {isa = PBXBuildFile; fileRef = 1E99F2D72C62392B00E1B6D0 /* RegisterViewController.swift */; };
		1E99F2DA2C623AEB00E1B6D0 /* CustomLoginImageView.swift in Sources */ = {isa = PBXBuildFile; fileRef = 1E99F2D92C623AEB00E1B6D0 /* CustomLoginImageView.swift */; };
		1E99F2DC2C6246C100E1B6D0 /* GoogleService-Info.plist in Resources */ = {isa = PBXBuildFile; fileRef = 1E99F2DB2C6246C100E1B6D0 /* GoogleService-Info.plist */; };
		1E99F2DF2C62478400E1B6D0 /* FirebaseAnalytics in Frameworks */ = {isa = PBXBuildFile; productRef = 1E99F2DE2C62478400E1B6D0 /* FirebaseAnalytics */; };
		1E99F2E12C62478400E1B6D0 /* FirebaseAnalyticsOnDeviceConversion in Frameworks */ = {isa = PBXBuildFile; productRef = 1E99F2E02C62478400E1B6D0 /* FirebaseAnalyticsOnDeviceConversion */; };
		1E99F2E32C62478400E1B6D0 /* FirebaseAnalyticsWithoutAdIdSupport in Frameworks */ = {isa = PBXBuildFile; productRef = 1E99F2E22C62478400E1B6D0 /* FirebaseAnalyticsWithoutAdIdSupport */; };
		1E99F2E52C62478400E1B6D0 /* FirebaseAppCheck in Frameworks */ = {isa = PBXBuildFile; productRef = 1E99F2E42C62478400E1B6D0 /* FirebaseAppCheck */; };
		1E99F2E72C62478400E1B6D0 /* FirebaseAppDistribution-Beta in Frameworks */ = {isa = PBXBuildFile; productRef = 1E99F2E62C62478400E1B6D0 /* FirebaseAppDistribution-Beta */; };
		1E99F2E92C62478400E1B6D0 /* FirebaseAuth in Frameworks */ = {isa = PBXBuildFile; productRef = 1E99F2E82C62478400E1B6D0 /* FirebaseAuth */; };
		1E99F2EB2C62478400E1B6D0 /* FirebaseAuthCombine-Community in Frameworks */ = {isa = PBXBuildFile; productRef = 1E99F2EA2C62478400E1B6D0 /* FirebaseAuthCombine-Community */; };
		1E99F2ED2C62478400E1B6D0 /* FirebaseCrashlytics in Frameworks */ = {isa = PBXBuildFile; productRef = 1E99F2EC2C62478400E1B6D0 /* FirebaseCrashlytics */; };
		1E99F2EF2C62478400E1B6D0 /* FirebaseDatabase in Frameworks */ = {isa = PBXBuildFile; productRef = 1E99F2EE2C62478400E1B6D0 /* FirebaseDatabase */; };
		1E99F2F12C62478400E1B6D0 /* FirebaseDynamicLinks in Frameworks */ = {isa = PBXBuildFile; productRef = 1E99F2F02C62478400E1B6D0 /* FirebaseDynamicLinks */; };
		1E99F2F32C62478400E1B6D0 /* FirebaseFirestore in Frameworks */ = {isa = PBXBuildFile; productRef = 1E99F2F22C62478400E1B6D0 /* FirebaseFirestore */; };
		1E99F2F52C62478400E1B6D0 /* FirebaseFirestoreCombine-Community in Frameworks */ = {isa = PBXBuildFile; productRef = 1E99F2F42C62478400E1B6D0 /* FirebaseFirestoreCombine-Community */; };
		1E99F2F72C62478400E1B6D0 /* FirebaseFunctions in Frameworks */ = {isa = PBXBuildFile; productRef = 1E99F2F62C62478400E1B6D0 /* FirebaseFunctions */; };
		1E99F2F92C62478400E1B6D0 /* FirebaseFunctionsCombine-Community in Frameworks */ = {isa = PBXBuildFile; productRef = 1E99F2F82C62478400E1B6D0 /* FirebaseFunctionsCombine-Community */; };
		1E99F2FB2C62478400E1B6D0 /* FirebaseInAppMessaging-Beta in Frameworks */ = {isa = PBXBuildFile; productRef = 1E99F2FA2C62478400E1B6D0 /* FirebaseInAppMessaging-Beta */; };
		1E99F2FD2C62478400E1B6D0 /* FirebaseInstallations in Frameworks */ = {isa = PBXBuildFile; productRef = 1E99F2FC2C62478400E1B6D0 /* FirebaseInstallations */; };
		1E99F2FF2C62478400E1B6D0 /* FirebaseMLModelDownloader in Frameworks */ = {isa = PBXBuildFile; productRef = 1E99F2FE2C62478400E1B6D0 /* FirebaseMLModelDownloader */; };
		1E99F3012C62478400E1B6D0 /* FirebaseMessaging in Frameworks */ = {isa = PBXBuildFile; productRef = 1E99F3002C62478400E1B6D0 /* FirebaseMessaging */; };
		1E99F3032C62478400E1B6D0 /* FirebasePerformance in Frameworks */ = {isa = PBXBuildFile; productRef = 1E99F3022C62478400E1B6D0 /* FirebasePerformance */; };
		1E99F3052C62478400E1B6D0 /* FirebaseRemoteConfig in Frameworks */ = {isa = PBXBuildFile; productRef = 1E99F3042C62478400E1B6D0 /* FirebaseRemoteConfig */; };
		1E99F3072C62478400E1B6D0 /* FirebaseStorage in Frameworks */ = {isa = PBXBuildFile; productRef = 1E99F3062C62478400E1B6D0 /* FirebaseStorage */; };
		1E99F3092C62478400E1B6D0 /* FirebaseStorageCombine-Community in Frameworks */ = {isa = PBXBuildFile; productRef = 1E99F3082C62478400E1B6D0 /* FirebaseStorageCombine-Community */; };
		1E99F30B2C62478400E1B6D0 /* FirebaseVertexAI-Preview in Frameworks */ = {isa = PBXBuildFile; productRef = 1E99F30A2C62478400E1B6D0 /* FirebaseVertexAI-Preview */; };
		1E99F3102C6249C600E1B6D0 /* AuthenticationService.swift in Sources */ = {isa = PBXBuildFile; fileRef = 1E99F30F2C6249C600E1B6D0 /* AuthenticationService.swift */; };
		1E99F3152C63779900E1B6D0 /* JGProgressHUD in Frameworks */ = {isa = PBXBuildFile; productRef = 1E99F3142C63779900E1B6D0 /* JGProgressHUD */; };
		1E99F3192C639B4D00E1B6D0 /* AccountViewController.swift in Sources */ = {isa = PBXBuildFile; fileRef = 1E99F3182C639B4D00E1B6D0 /* AccountViewController.swift */; };
		1E99F31B2C63A22700E1B6D0 /* CustomSearchInputView.swift in Sources */ = {isa = PBXBuildFile; fileRef = 1E99F31A2C63A22700E1B6D0 /* CustomSearchInputView.swift */; };
		1E99F3202C63A59F00E1B6D0 /* NetworkManager.swift in Sources */ = {isa = PBXBuildFile; fileRef = 1E99F31F2C63A59F00E1B6D0 /* NetworkManager.swift */; };
		1E99F3232C63A66400E1B6D0 /* ErrorMessage.swift in Sources */ = {isa = PBXBuildFile; fileRef = 1E99F3222C63A66400E1B6D0 /* ErrorMessage.swift */; };
		1E99F3282C63A6AB00E1B6D0 /* Crypto.swift in Sources */ = {isa = PBXBuildFile; fileRef = 1E99F3272C63A6AB00E1B6D0 /* Crypto.swift */; };
		1E99F32C2C66027800E1B6D0 /* CryptoTableViewCell.swift in Sources */ = {isa = PBXBuildFile; fileRef = 1E99F32B2C66027800E1B6D0 /* CryptoTableViewCell.swift */; };
		1E99F32F2C66101A00E1B6D0 /* Kingfisher in Frameworks */ = {isa = PBXBuildFile; productRef = 1E99F32E2C66101A00E1B6D0 /* Kingfisher */; };
		1E99F3312C69E6F900E1B6D0 /* CryptoCollectionViewCell.swift in Sources */ = {isa = PBXBuildFile; fileRef = 1E99F3302C69E6F900E1B6D0 /* CryptoCollectionViewCell.swift */; };
		1E9A95BB2C6E10AB00C3CE1B /* MarketViewController.swift in Sources */ = {isa = PBXBuildFile; fileRef = 1E9A95BA2C6E10AB00C3CE1B /* MarketViewController.swift */; };
		1E9A95BF2C6E128400C3CE1B /* LoginViewModel.swift in Sources */ = {isa = PBXBuildFile; fileRef = 1E9A95BE2C6E128400C3CE1B /* LoginViewModel.swift */; };
		1E9A95C22C6E1B7300C3CE1B /* RegisterViewModel.swift in Sources */ = {isa = PBXBuildFile; fileRef = 1E9A95C12C6E1B7300C3CE1B /* RegisterViewModel.swift */; };
		1E9A95C52C6E216000C3CE1B /* AccountViewModel.swift in Sources */ = {isa = PBXBuildFile; fileRef = 1E9A95C42C6E216000C3CE1B /* AccountViewModel.swift */; };
		1E9A95C82C6E5C3100C3CE1B /* CryptoDetailsViewModel.swift in Sources */ = {isa = PBXBuildFile; fileRef = 1E9A95C72C6E5C3100C3CE1B /* CryptoDetailsViewModel.swift */; };
		1E9A95CD2C6F4B2D00C3CE1B /* MarketViewModel.swift in Sources */ = {isa = PBXBuildFile; fileRef = 1E9A95CC2C6F4B2D00C3CE1B /* MarketViewModel.swift */; };
		1E9A95D02C6F587B00C3CE1B /* TableViewExtensions.swift in Sources */ = {isa = PBXBuildFile; fileRef = 1E9A95CF2C6F587B00C3CE1B /* TableViewExtensions.swift */; };
		1E9A95D22C6F588400C3CE1B /* CollectionViewExtensions.swift in Sources */ = {isa = PBXBuildFile; fileRef = 1E9A95D12C6F588400C3CE1B /* CollectionViewExtensions.swift */; };
		1E9A95D62C70E36C00C3CE1B /* SplashScreenViewController.swift in Sources */ = {isa = PBXBuildFile; fileRef = 1E9A95D52C70E36C00C3CE1B /* SplashScreenViewController.swift */; };
		1E9A95D92C70E47700C3CE1B /* Lottie in Frameworks */ = {isa = PBXBuildFile; productRef = 1E9A95D82C70E47700C3CE1B /* Lottie */; };
		1E9A95DB2C70E54700C3CE1B /* lottie.json in Resources */ = {isa = PBXBuildFile; fileRef = 1E9A95DA2C70E54700C3CE1B /* lottie.json */; };
		1E9A95DE2C70EAA900C3CE1B /* AnimationManager.swift in Sources */ = {isa = PBXBuildFile; fileRef = 1E9A95DD2C70EAA900C3CE1B /* AnimationManager.swift */; };
		1E9A95E22C70ECEC00C3CE1B /* transitionAnimation.json in Resources */ = {isa = PBXBuildFile; fileRef = 1E9A95E12C70ECEC00C3CE1B /* transitionAnimation.json */; };
		78D6D947CF8A0871D43B2554 /* Pods_CryptoApp.framework in Frameworks */ = {isa = PBXBuildFile; fileRef = ADEE377AF6C9DF53BC8B6DB9 /* Pods_CryptoApp.framework */; };
/* End PBXBuildFile section */

/* Begin PBXFileReference section */
		1E1B0B0D2C6B5707001558A8 /* CryptoDetailsViewController.swift */ = {isa = PBXFileReference; lastKnownFileType = sourcecode.swift; path = CryptoDetailsViewController.swift; sourceTree = "<group>"; };
		1E1B0B0F2C6CADE6001558A8 /* TabBarController.swift */ = {isa = PBXFileReference; lastKnownFileType = sourcecode.swift; path = TabBarController.swift; sourceTree = "<group>"; };
		1E1B0B112C6CD4E8001558A8 /* User.swift */ = {isa = PBXFileReference; lastKnownFileType = sourcecode.swift; path = User.swift; sourceTree = "<group>"; };
		1E1B0B132C6CD579001558A8 /* Service.swift */ = {isa = PBXFileReference; lastKnownFileType = sourcecode.swift; path = Service.swift; sourceTree = "<group>"; };
		1E1B0B152C6CDC35001558A8 /* AccountView.swift */ = {isa = PBXFileReference; lastKnownFileType = sourcecode.swift; path = AccountView.swift; sourceTree = "<group>"; };
		1E99F2B22C6217D300E1B6D0 /* CryptoApp.app */ = {isa = PBXFileReference; explicitFileType = wrapper.application; includeInIndex = 0; path = CryptoApp.app; sourceTree = BUILT_PRODUCTS_DIR; };
		1E99F2B52C6217D300E1B6D0 /* AppDelegate.swift */ = {isa = PBXFileReference; lastKnownFileType = sourcecode.swift; path = AppDelegate.swift; sourceTree = "<group>"; };
		1E99F2B72C6217D300E1B6D0 /* SceneDelegate.swift */ = {isa = PBXFileReference; lastKnownFileType = sourcecode.swift; path = SceneDelegate.swift; sourceTree = "<group>"; };
		1E99F2B92C6217D300E1B6D0 /* LoginViewController.swift */ = {isa = PBXFileReference; lastKnownFileType = sourcecode.swift; path = LoginViewController.swift; sourceTree = "<group>"; };
		1E99F2BE2C6217D400E1B6D0 /* Assets.xcassets */ = {isa = PBXFileReference; lastKnownFileType = folder.assetcatalog; path = Assets.xcassets; sourceTree = "<group>"; };
		1E99F2C12C6217D400E1B6D0 /* Base */ = {isa = PBXFileReference; lastKnownFileType = file.storyboard; name = Base; path = Base.lproj/LaunchScreen.storyboard; sourceTree = "<group>"; };
		1E99F2C32C6217D400E1B6D0 /* Info.plist */ = {isa = PBXFileReference; lastKnownFileType = text.plist.xml; path = Info.plist; sourceTree = "<group>"; };
		1E99F2CD2C6219E700E1B6D0 /* Extensions.swift */ = {isa = PBXFileReference; lastKnownFileType = sourcecode.swift; path = Extensions.swift; sourceTree = "<group>"; };
		1E99F2D12C62246C00E1B6D0 /* AuthenticationInputView.swift */ = {isa = PBXFileReference; lastKnownFileType = sourcecode.swift; path = AuthenticationInputView.swift; sourceTree = "<group>"; };
		1E99F2D32C6225BB00E1B6D0 /* CustomTextField.swift */ = {isa = PBXFileReference; lastKnownFileType = sourcecode.swift; path = CustomTextField.swift; sourceTree = "<group>"; };
		1E99F2D52C622C3A00E1B6D0 /* CustomLoginButton.swift */ = {isa = PBXFileReference; lastKnownFileType = sourcecode.swift; path = CustomLoginButton.swift; sourceTree = "<group>"; };
		1E99F2D72C62392B00E1B6D0 /* RegisterViewController.swift */ = {isa = PBXFileReference; lastKnownFileType = sourcecode.swift; path = RegisterViewController.swift; sourceTree = "<group>"; };
		1E99F2D92C623AEB00E1B6D0 /* CustomLoginImageView.swift */ = {isa = PBXFileReference; lastKnownFileType = sourcecode.swift; path = CustomLoginImageView.swift; sourceTree = "<group>"; };
		1E99F2DB2C6246C100E1B6D0 /* GoogleService-Info.plist */ = {isa = PBXFileReference; fileEncoding = 4; lastKnownFileType = text.plist.xml; path = "GoogleService-Info.plist"; sourceTree = "<group>"; };
		1E99F30F2C6249C600E1B6D0 /* AuthenticationService.swift */ = {isa = PBXFileReference; lastKnownFileType = sourcecode.swift; path = AuthenticationService.swift; sourceTree = "<group>"; };
		1E99F3182C639B4D00E1B6D0 /* AccountViewController.swift */ = {isa = PBXFileReference; lastKnownFileType = sourcecode.swift; path = AccountViewController.swift; sourceTree = "<group>"; };
		1E99F31A2C63A22700E1B6D0 /* CustomSearchInputView.swift */ = {isa = PBXFileReference; lastKnownFileType = sourcecode.swift; path = CustomSearchInputView.swift; sourceTree = "<group>"; };
		1E99F31F2C63A59F00E1B6D0 /* NetworkManager.swift */ = {isa = PBXFileReference; lastKnownFileType = sourcecode.swift; path = NetworkManager.swift; sourceTree = "<group>"; };
		1E99F3222C63A66400E1B6D0 /* ErrorMessage.swift */ = {isa = PBXFileReference; lastKnownFileType = sourcecode.swift; path = ErrorMessage.swift; sourceTree = "<group>"; };
		1E99F3272C63A6AB00E1B6D0 /* Crypto.swift */ = {isa = PBXFileReference; lastKnownFileType = sourcecode.swift; path = Crypto.swift; sourceTree = "<group>"; };
		1E99F32B2C66027800E1B6D0 /* CryptoTableViewCell.swift */ = {isa = PBXFileReference; lastKnownFileType = sourcecode.swift; path = CryptoTableViewCell.swift; sourceTree = "<group>"; };
		1E99F3302C69E6F900E1B6D0 /* CryptoCollectionViewCell.swift */ = {isa = PBXFileReference; lastKnownFileType = sourcecode.swift; path = CryptoCollectionViewCell.swift; sourceTree = "<group>"; };
		1E9A95BA2C6E10AB00C3CE1B /* MarketViewController.swift */ = {isa = PBXFileReference; lastKnownFileType = sourcecode.swift; path = MarketViewController.swift; sourceTree = "<group>"; };
		1E9A95BE2C6E128400C3CE1B /* LoginViewModel.swift */ = {isa = PBXFileReference; lastKnownFileType = sourcecode.swift; path = LoginViewModel.swift; sourceTree = "<group>"; };
		1E9A95C12C6E1B7300C3CE1B /* RegisterViewModel.swift */ = {isa = PBXFileReference; lastKnownFileType = sourcecode.swift; path = RegisterViewModel.swift; sourceTree = "<group>"; };
		1E9A95C42C6E216000C3CE1B /* AccountViewModel.swift */ = {isa = PBXFileReference; lastKnownFileType = sourcecode.swift; path = AccountViewModel.swift; sourceTree = "<group>"; };
		1E9A95C72C6E5C3100C3CE1B /* CryptoDetailsViewModel.swift */ = {isa = PBXFileReference; lastKnownFileType = sourcecode.swift; path = CryptoDetailsViewModel.swift; sourceTree = "<group>"; };
		1E9A95CC2C6F4B2D00C3CE1B /* MarketViewModel.swift */ = {isa = PBXFileReference; lastKnownFileType = sourcecode.swift; path = MarketViewModel.swift; sourceTree = "<group>"; };
		1E9A95CF2C6F587B00C3CE1B /* TableViewExtensions.swift */ = {isa = PBXFileReference; lastKnownFileType = sourcecode.swift; path = TableViewExtensions.swift; sourceTree = "<group>"; };
		1E9A95D12C6F588400C3CE1B /* CollectionViewExtensions.swift */ = {isa = PBXFileReference; lastKnownFileType = sourcecode.swift; path = CollectionViewExtensions.swift; sourceTree = "<group>"; };
		1E9A95D52C70E36C00C3CE1B /* SplashScreenViewController.swift */ = {isa = PBXFileReference; lastKnownFileType = sourcecode.swift; path = SplashScreenViewController.swift; sourceTree = "<group>"; };
		1E9A95DA2C70E54700C3CE1B /* lottie.json */ = {isa = PBXFileReference; fileEncoding = 4; lastKnownFileType = text.json; path = lottie.json; sourceTree = "<group>"; };
		1E9A95DD2C70EAA900C3CE1B /* AnimationManager.swift */ = {isa = PBXFileReference; lastKnownFileType = sourcecode.swift; path = AnimationManager.swift; sourceTree = "<group>"; };
		1E9A95E12C70ECEC00C3CE1B /* transitionAnimation.json */ = {isa = PBXFileReference; fileEncoding = 4; lastKnownFileType = text.json; path = transitionAnimation.json; sourceTree = "<group>"; };
		39FD70D155D047BB97035697 /* Pods-CryptoApp.debug.xcconfig */ = {isa = PBXFileReference; includeInIndex = 1; lastKnownFileType = text.xcconfig; name = "Pods-CryptoApp.debug.xcconfig"; path = "Target Support Files/Pods-CryptoApp/Pods-CryptoApp.debug.xcconfig"; sourceTree = "<group>"; };
		ADEE377AF6C9DF53BC8B6DB9 /* Pods_CryptoApp.framework */ = {isa = PBXFileReference; explicitFileType = wrapper.framework; includeInIndex = 0; path = Pods_CryptoApp.framework; sourceTree = BUILT_PRODUCTS_DIR; };
		D95EA456E24882157DD13AB5 /* Pods-CryptoApp.release.xcconfig */ = {isa = PBXFileReference; includeInIndex = 1; lastKnownFileType = text.xcconfig; name = "Pods-CryptoApp.release.xcconfig"; path = "Target Support Files/Pods-CryptoApp/Pods-CryptoApp.release.xcconfig"; sourceTree = "<group>"; };
/* End PBXFileReference section */

/* Begin PBXFrameworksBuildPhase section */
		1E99F2AF2C6217D300E1B6D0 /* Frameworks */ = {
			isa = PBXFrameworksBuildPhase;
			buildActionMask = 2147483647;
			files = (
				1E99F3092C62478400E1B6D0 /* FirebaseStorageCombine-Community in Frameworks */,
				1E99F3012C62478400E1B6D0 /* FirebaseMessaging in Frameworks */,
				1E99F2FF2C62478400E1B6D0 /* FirebaseMLModelDownloader in Frameworks */,
				1E99F2E52C62478400E1B6D0 /* FirebaseAppCheck in Frameworks */,
				1E99F3152C63779900E1B6D0 /* JGProgressHUD in Frameworks */,
				1E99F2E92C62478400E1B6D0 /* FirebaseAuth in Frameworks */,
				1E99F2DF2C62478400E1B6D0 /* FirebaseAnalytics in Frameworks */,
				1E99F2E72C62478400E1B6D0 /* FirebaseAppDistribution-Beta in Frameworks */,
				1E99F2E32C62478400E1B6D0 /* FirebaseAnalyticsWithoutAdIdSupport in Frameworks */,
				1E99F32F2C66101A00E1B6D0 /* Kingfisher in Frameworks */,
				1E99F2ED2C62478400E1B6D0 /* FirebaseCrashlytics in Frameworks */,
				1E99F2EF2C62478400E1B6D0 /* FirebaseDatabase in Frameworks */,
				1E99F2F92C62478400E1B6D0 /* FirebaseFunctionsCombine-Community in Frameworks */,
				1E99F2EB2C62478400E1B6D0 /* FirebaseAuthCombine-Community in Frameworks */,
				1E99F3072C62478400E1B6D0 /* FirebaseStorage in Frameworks */,
				1E99F2E12C62478400E1B6D0 /* FirebaseAnalyticsOnDeviceConversion in Frameworks */,
				1E99F2F72C62478400E1B6D0 /* FirebaseFunctions in Frameworks */,
				1E99F2FD2C62478400E1B6D0 /* FirebaseInstallations in Frameworks */,
				1E99F3032C62478400E1B6D0 /* FirebasePerformance in Frameworks */,
				1E99F2F52C62478400E1B6D0 /* FirebaseFirestoreCombine-Community in Frameworks */,
				1E9A95D92C70E47700C3CE1B /* Lottie in Frameworks */,
				1E99F2F32C62478400E1B6D0 /* FirebaseFirestore in Frameworks */,
				1E99F2F12C62478400E1B6D0 /* FirebaseDynamicLinks in Frameworks */,
				1E99F2FB2C62478400E1B6D0 /* FirebaseInAppMessaging-Beta in Frameworks */,
				1E99F30B2C62478400E1B6D0 /* FirebaseVertexAI-Preview in Frameworks */,
				1E99F3052C62478400E1B6D0 /* FirebaseRemoteConfig in Frameworks */,
				78D6D947CF8A0871D43B2554 /* Pods_CryptoApp.framework in Frameworks */,
			);
			runOnlyForDeploymentPostprocessing = 0;
		};
/* End PBXFrameworksBuildPhase section */

/* Begin PBXGroup section */
		1E99F2A92C6217D300E1B6D0 = {
			isa = PBXGroup;
			children = (
				1E99F2B42C6217D300E1B6D0 /* CryptoApp */,
				82CE8BA18546132ADB2B326F /* Frameworks */,
				CE352D7B248FE202E8F7F165 /* Pods */,
				1E99F2B32C6217D300E1B6D0 /* Products */,
			);
			sourceTree = "<group>";
		};
		1E99F2B32C6217D300E1B6D0 /* Products */ = {
			isa = PBXGroup;
			children = (
				1E99F2B22C6217D300E1B6D0 /* CryptoApp.app */,
			);
			name = Products;
			sourceTree = "<group>";
		};
		1E99F2B42C6217D300E1B6D0 /* CryptoApp */ = {
			isa = PBXGroup;
			children = (
				1E9A95E12C70ECEC00C3CE1B /* transitionAnimation.json */,
				1E9A95DA2C70E54700C3CE1B /* lottie.json */,
				1E99F2D02C62243100E1B6D0 /* Custom Views */,
				1E99F2DB2C6246C100E1B6D0 /* GoogleService-Info.plist */,
				1E99F2C32C6217D400E1B6D0 /* Info.plist */,
				1E99F31E2C63A59600E1B6D0 /* Manager */,
				1E99F3242C63A68600E1B6D0 /* Models */,
				1E99F30E2C6249B000E1B6D0 /* Service */,
				1E99F2CC2C6219A100E1B6D0 /* Supporting */,
				1E99F2CB2C62199500E1B6D0 /* Utilities */,
				1E9A95BC2C6E120C00C3CE1B /* Views */,
			);
			path = CryptoApp;
			sourceTree = "<group>";
		};
		1E99F2CB2C62199500E1B6D0 /* Utilities */ = {
			isa = PBXGroup;
			children = (
				1E99F2CD2C6219E700E1B6D0 /* Extensions.swift */,
				1E99F3222C63A66400E1B6D0 /* ErrorMessage.swift */,
			);
			path = Utilities;
			sourceTree = "<group>";
		};
		1E99F2CC2C6219A100E1B6D0 /* Supporting */ = {
			isa = PBXGroup;
			children = (
				1E99F2C02C6217D400E1B6D0 /* LaunchScreen.storyboard */,
				1E99F2B52C6217D300E1B6D0 /* AppDelegate.swift */,
				1E99F2B72C6217D300E1B6D0 /* SceneDelegate.swift */,
				1E99F2BE2C6217D400E1B6D0 /* Assets.xcassets */,
			);
			path = Supporting;
			sourceTree = "<group>";
		};
		1E99F2D02C62243100E1B6D0 /* Custom Views */ = {
			isa = PBXGroup;
			children = (
				1E1B0B152C6CDC35001558A8 /* AccountView.swift */,
				1E99F2D12C62246C00E1B6D0 /* AuthenticationInputView.swift */,
				1E99F2D52C622C3A00E1B6D0 /* CustomLoginButton.swift */,
				1E99F2D92C623AEB00E1B6D0 /* CustomLoginImageView.swift */,
				1E99F31A2C63A22700E1B6D0 /* CustomSearchInputView.swift */,
				1E99F2D32C6225BB00E1B6D0 /* CustomTextField.swift */,
				1E99F31C2C63A55D00E1B6D0 /* CustomCell */,
			);
			path = "Custom Views";
			sourceTree = "<group>";
		};
		1E99F30E2C6249B000E1B6D0 /* Service */ = {
			isa = PBXGroup;
			children = (
				1E99F30F2C6249C600E1B6D0 /* AuthenticationService.swift */,
				1E1B0B132C6CD579001558A8 /* Service.swift */,
			);
			path = Service;
			sourceTree = "<group>";
		};
		1E99F31C2C63A55D00E1B6D0 /* CustomCell */ = {
			isa = PBXGroup;
			children = (
				1E99F32B2C66027800E1B6D0 /* CryptoTableViewCell.swift */,
				1E99F3302C69E6F900E1B6D0 /* CryptoCollectionViewCell.swift */,
			);
			path = CustomCell;
			sourceTree = "<group>";
		};
		1E99F31E2C63A59600E1B6D0 /* Manager */ = {
			isa = PBXGroup;
			children = (
				1E99F31F2C63A59F00E1B6D0 /* NetworkManager.swift */,
				1E9A95DD2C70EAA900C3CE1B /* AnimationManager.swift */,
			);
			path = Manager;
			sourceTree = "<group>";
		};
		1E99F3242C63A68600E1B6D0 /* Models */ = {
			isa = PBXGroup;
			children = (
				1E99F3272C63A6AB00E1B6D0 /* Crypto.swift */,
				1E1B0B112C6CD4E8001558A8 /* User.swift */,
			);
			path = Models;
			sourceTree = "<group>";
		};
		1E9A95BC2C6E120C00C3CE1B /* Views */ = {
			isa = PBXGroup;
			children = (
				1E9A95DC2C70EA6600C3CE1B /* SplashScreen */,
				1E9A95CB2C6F4B1900C3CE1B /* TabBar */,
				1E9A95C92C6F4AFB00C3CE1B /* Market */,
				1E9A95C62C6E5C0E00C3CE1B /* CryptoDetails */,
				1E9A95C32C6E214F00C3CE1B /* Account */,
				1E9A95C02C6E1B6500C3CE1B /* Register */,
				1E9A95BD2C6E121D00C3CE1B /* Login */,
			);
			path = Views;
			sourceTree = "<group>";
		};
		1E9A95BD2C6E121D00C3CE1B /* Login */ = {
			isa = PBXGroup;
			children = (
				1E99F2B92C6217D300E1B6D0 /* LoginViewController.swift */,
				1E9A95BE2C6E128400C3CE1B /* LoginViewModel.swift */,
			);
			path = Login;
			sourceTree = "<group>";
		};
		1E9A95C02C6E1B6500C3CE1B /* Register */ = {
			isa = PBXGroup;
			children = (
				1E99F2D72C62392B00E1B6D0 /* RegisterViewController.swift */,
				1E9A95C12C6E1B7300C3CE1B /* RegisterViewModel.swift */,
			);
			path = Register;
			sourceTree = "<group>";
		};
		1E9A95C32C6E214F00C3CE1B /* Account */ = {
			isa = PBXGroup;
			children = (
				1E99F3182C639B4D00E1B6D0 /* AccountViewController.swift */,
				1E9A95C42C6E216000C3CE1B /* AccountViewModel.swift */,
			);
			path = Account;
			sourceTree = "<group>";
		};
		1E9A95C62C6E5C0E00C3CE1B /* CryptoDetails */ = {
			isa = PBXGroup;
			children = (
				1E1B0B0D2C6B5707001558A8 /* CryptoDetailsViewController.swift */,
				1E9A95C72C6E5C3100C3CE1B /* CryptoDetailsViewModel.swift */,
			);
			path = CryptoDetails;
			sourceTree = "<group>";
		};
		1E9A95C92C6F4AFB00C3CE1B /* Market */ = {
			isa = PBXGroup;
			children = (
				1E9A95CE2C6F4B7D00C3CE1B /* Utilities */,
				1E9A95BA2C6E10AB00C3CE1B /* MarketViewController.swift */,
				1E9A95CC2C6F4B2D00C3CE1B /* MarketViewModel.swift */,
			);
			path = Market;
			sourceTree = "<group>";
		};
		1E9A95CB2C6F4B1900C3CE1B /* TabBar */ = {
			isa = PBXGroup;
			children = (
				1E1B0B0F2C6CADE6001558A8 /* TabBarController.swift */,
			);
			path = TabBar;
			sourceTree = "<group>";
		};
		1E9A95CE2C6F4B7D00C3CE1B /* Utilities */ = {
			isa = PBXGroup;
			children = (
				1E9A95CF2C6F587B00C3CE1B /* TableViewExtensions.swift */,
				1E9A95D12C6F588400C3CE1B /* CollectionViewExtensions.swift */,
			);
			path = Utilities;
			sourceTree = "<group>";
		};
		1E9A95DC2C70EA6600C3CE1B /* SplashScreen */ = {
			isa = PBXGroup;
			children = (
				1E9A95D52C70E36C00C3CE1B /* SplashScreenViewController.swift */,
			);
			path = SplashScreen;
			sourceTree = "<group>";
		};
		82CE8BA18546132ADB2B326F /* Frameworks */ = {
			isa = PBXGroup;
			children = (
				ADEE377AF6C9DF53BC8B6DB9 /* Pods_CryptoApp.framework */,
			);
			name = Frameworks;
			sourceTree = "<group>";
		};
		CE352D7B248FE202E8F7F165 /* Pods */ = {
			isa = PBXGroup;
			children = (
				39FD70D155D047BB97035697 /* Pods-CryptoApp.debug.xcconfig */,
				D95EA456E24882157DD13AB5 /* Pods-CryptoApp.release.xcconfig */,
			);
			path = Pods;
			sourceTree = "<group>";
		};
/* End PBXGroup section */

/* Begin PBXNativeTarget section */
		1E99F2B12C6217D300E1B6D0 /* CryptoApp */ = {
			isa = PBXNativeTarget;
			buildConfigurationList = 1E99F2C62C6217D400E1B6D0 /* Build configuration list for PBXNativeTarget "CryptoApp" */;
			buildPhases = (
				30C60C0BDE870DE3213FEF77 /* [CP] Check Pods Manifest.lock */,
				1E99F2AE2C6217D300E1B6D0 /* Sources */,
				1E99F2AF2C6217D300E1B6D0 /* Frameworks */,
				1E99F2B02C6217D300E1B6D0 /* Resources */,
				FD40BF75C9BB0AB43907478D /* [CP] Embed Pods Frameworks */,
			);
			buildRules = (
			);
			dependencies = (
			);
			name = CryptoApp;
			packageProductDependencies = (
				1E99F2DE2C62478400E1B6D0 /* FirebaseAnalytics */,
				1E99F2E02C62478400E1B6D0 /* FirebaseAnalyticsOnDeviceConversion */,
				1E99F2E22C62478400E1B6D0 /* FirebaseAnalyticsWithoutAdIdSupport */,
				1E99F2E42C62478400E1B6D0 /* FirebaseAppCheck */,
				1E99F2E62C62478400E1B6D0 /* FirebaseAppDistribution-Beta */,
				1E99F2E82C62478400E1B6D0 /* FirebaseAuth */,
				1E99F2EA2C62478400E1B6D0 /* FirebaseAuthCombine-Community */,
				1E99F2EC2C62478400E1B6D0 /* FirebaseCrashlytics */,
				1E99F2EE2C62478400E1B6D0 /* FirebaseDatabase */,
				1E99F2F02C62478400E1B6D0 /* FirebaseDynamicLinks */,
				1E99F2F22C62478400E1B6D0 /* FirebaseFirestore */,
				1E99F2F42C62478400E1B6D0 /* FirebaseFirestoreCombine-Community */,
				1E99F2F62C62478400E1B6D0 /* FirebaseFunctions */,
				1E99F2F82C62478400E1B6D0 /* FirebaseFunctionsCombine-Community */,
				1E99F2FA2C62478400E1B6D0 /* FirebaseInAppMessaging-Beta */,
				1E99F2FC2C62478400E1B6D0 /* FirebaseInstallations */,
				1E99F2FE2C62478400E1B6D0 /* FirebaseMLModelDownloader */,
				1E99F3002C62478400E1B6D0 /* FirebaseMessaging */,
				1E99F3022C62478400E1B6D0 /* FirebasePerformance */,
				1E99F3042C62478400E1B6D0 /* FirebaseRemoteConfig */,
				1E99F3062C62478400E1B6D0 /* FirebaseStorage */,
				1E99F3082C62478400E1B6D0 /* FirebaseStorageCombine-Community */,
				1E99F30A2C62478400E1B6D0 /* FirebaseVertexAI-Preview */,
				1E99F3142C63779900E1B6D0 /* JGProgressHUD */,
				1E99F32E2C66101A00E1B6D0 /* Kingfisher */,
				1E9A95D82C70E47700C3CE1B /* Lottie */,
			);
			productName = CryptoApp;
			productReference = 1E99F2B22C6217D300E1B6D0 /* CryptoApp.app */;
			productType = "com.apple.product-type.application";
		};
/* End PBXNativeTarget section */

/* Begin PBXProject section */
		1E99F2AA2C6217D300E1B6D0 /* Project object */ = {
			isa = PBXProject;
			attributes = {
				BuildIndependentTargetsInParallel = 1;
				LastSwiftUpdateCheck = 1520;
				LastUpgradeCheck = 1520;
				TargetAttributes = {
					1E99F2B12C6217D300E1B6D0 = {
						CreatedOnToolsVersion = 15.2;
					};
				};
			};
			buildConfigurationList = 1E99F2AD2C6217D300E1B6D0 /* Build configuration list for PBXProject "CryptoApp" */;
			compatibilityVersion = "Xcode 14.0";
			developmentRegion = en;
			hasScannedForEncodings = 0;
			knownRegions = (
				en,
				Base,
			);
			mainGroup = 1E99F2A92C6217D300E1B6D0;
			packageReferences = (
				1E99F2DD2C62478400E1B6D0 /* XCRemoteSwiftPackageReference "firebase-ios-sdk" */,
				1E99F3132C63779900E1B6D0 /* XCRemoteSwiftPackageReference "JGProgressHUD" */,
				1E99F32D2C66101A00E1B6D0 /* XCRemoteSwiftPackageReference "Kingfisher" */,
				1E9A95D72C70E47700C3CE1B /* XCRemoteSwiftPackageReference "lottie-ios" */,
			);
			productRefGroup = 1E99F2B32C6217D300E1B6D0 /* Products */;
			projectDirPath = "";
			projectRoot = "";
			targets = (
				1E99F2B12C6217D300E1B6D0 /* CryptoApp */,
			);
		};
/* End PBXProject section */

/* Begin PBXResourcesBuildPhase section */
		1E99F2B02C6217D300E1B6D0 /* Resources */ = {
			isa = PBXResourcesBuildPhase;
			buildActionMask = 2147483647;
			files = (
				1E9A95E22C70ECEC00C3CE1B /* transitionAnimation.json in Resources */,
				1E9A95DB2C70E54700C3CE1B /* lottie.json in Resources */,
				1E99F2C22C6217D400E1B6D0 /* LaunchScreen.storyboard in Resources */,
				1E99F2BF2C6217D400E1B6D0 /* Assets.xcassets in Resources */,
				1E99F2DC2C6246C100E1B6D0 /* GoogleService-Info.plist in Resources */,
			);
			runOnlyForDeploymentPostprocessing = 0;
		};
/* End PBXResourcesBuildPhase section */

/* Begin PBXShellScriptBuildPhase section */
		30C60C0BDE870DE3213FEF77 /* [CP] Check Pods Manifest.lock */ = {
			isa = PBXShellScriptBuildPhase;
			buildActionMask = 2147483647;
			files = (
			);
			inputFileListPaths = (
			);
			inputPaths = (
				"${PODS_PODFILE_DIR_PATH}/Podfile.lock",
				"${PODS_ROOT}/Manifest.lock",
			);
			name = "[CP] Check Pods Manifest.lock";
			outputFileListPaths = (
			);
			outputPaths = (
				"$(DERIVED_FILE_DIR)/Pods-CryptoApp-checkManifestLockResult.txt",
			);
			runOnlyForDeploymentPostprocessing = 0;
			shellPath = /bin/sh;
			shellScript = "diff \"${PODS_PODFILE_DIR_PATH}/Podfile.lock\" \"${PODS_ROOT}/Manifest.lock\" > /dev/null\nif [ $? != 0 ] ; then\n    # print error to STDERR\n    echo \"error: The sandbox is not in sync with the Podfile.lock. Run 'pod install' or update your CocoaPods installation.\" >&2\n    exit 1\nfi\n# This output is used by Xcode 'outputs' to avoid re-running this script phase.\necho \"SUCCESS\" > \"${SCRIPT_OUTPUT_FILE_0}\"\n";
			showEnvVarsInLog = 0;
		};
		FD40BF75C9BB0AB43907478D /* [CP] Embed Pods Frameworks */ = {
			isa = PBXShellScriptBuildPhase;
			buildActionMask = 2147483647;
			files = (
			);
			inputFileListPaths = (
				"${PODS_ROOT}/Target Support Files/Pods-CryptoApp/Pods-CryptoApp-frameworks-${CONFIGURATION}-input-files.xcfilelist",
			);
			name = "[CP] Embed Pods Frameworks";
			outputFileListPaths = (
				"${PODS_ROOT}/Target Support Files/Pods-CryptoApp/Pods-CryptoApp-frameworks-${CONFIGURATION}-output-files.xcfilelist",
			);
			runOnlyForDeploymentPostprocessing = 0;
			shellPath = /bin/sh;
			shellScript = "\"${PODS_ROOT}/Target Support Files/Pods-CryptoApp/Pods-CryptoApp-frameworks.sh\"\n";
			showEnvVarsInLog = 0;
		};
/* End PBXShellScriptBuildPhase section */

/* Begin PBXSourcesBuildPhase section */
		1E99F2AE2C6217D300E1B6D0 /* Sources */ = {
			isa = PBXSourcesBuildPhase;
			buildActionMask = 2147483647;
			files = (
				1E99F2BA2C6217D300E1B6D0 /* LoginViewController.swift in Sources */,
				1E1B0B142C6CD579001558A8 /* Service.swift in Sources */,
				1E99F31B2C63A22700E1B6D0 /* CustomSearchInputView.swift in Sources */,
				1E99F3192C639B4D00E1B6D0 /* AccountViewController.swift in Sources */,
				1E1B0B0E2C6B5707001558A8 /* CryptoDetailsViewController.swift in Sources */,
				1E99F3312C69E6F900E1B6D0 /* CryptoCollectionViewCell.swift in Sources */,
				1E99F3282C63A6AB00E1B6D0 /* Crypto.swift in Sources */,
				1E99F2B62C6217D300E1B6D0 /* AppDelegate.swift in Sources */,
				1E1B0B102C6CADE6001558A8 /* TabBarController.swift in Sources */,
				1E99F2D42C6225BB00E1B6D0 /* CustomTextField.swift in Sources */,
				1E1B0B122C6CD4E8001558A8 /* User.swift in Sources */,
				1E9A95D02C6F587B00C3CE1B /* TableViewExtensions.swift in Sources */,
				1E9A95DE2C70EAA900C3CE1B /* AnimationManager.swift in Sources */,
				1E1B0B162C6CDC35001558A8 /* AccountView.swift in Sources */,
				1E99F2D82C62392B00E1B6D0 /* RegisterViewController.swift in Sources */,
				1E9A95BF2C6E128400C3CE1B /* LoginViewModel.swift in Sources */,
				1E99F2D62C622C3A00E1B6D0 /* CustomLoginButton.swift in Sources */,
				1E99F32C2C66027800E1B6D0 /* CryptoTableViewCell.swift in Sources */,
				1E99F2B82C6217D300E1B6D0 /* SceneDelegate.swift in Sources */,
				1E9A95D62C70E36C00C3CE1B /* SplashScreenViewController.swift in Sources */,
				1E9A95BB2C6E10AB00C3CE1B /* MarketViewController.swift in Sources */,
				1E99F2DA2C623AEB00E1B6D0 /* CustomLoginImageView.swift in Sources */,
				1E99F2D22C62246C00E1B6D0 /* AuthenticationInputView.swift in Sources */,
				1E9A95D22C6F588400C3CE1B /* CollectionViewExtensions.swift in Sources */,
				1E99F2CE2C6219E700E1B6D0 /* Extensions.swift in Sources */,
				1E9A95CD2C6F4B2D00C3CE1B /* MarketViewModel.swift in Sources */,
				1E9A95C22C6E1B7300C3CE1B /* RegisterViewModel.swift in Sources */,
				1E9A95C52C6E216000C3CE1B /* AccountViewModel.swift in Sources */,
				1E99F3232C63A66400E1B6D0 /* ErrorMessage.swift in Sources */,
				1E99F3202C63A59F00E1B6D0 /* NetworkManager.swift in Sources */,
				1E9A95C82C6E5C3100C3CE1B /* CryptoDetailsViewModel.swift in Sources */,
				1E99F3102C6249C600E1B6D0 /* AuthenticationService.swift in Sources */,
			);
			runOnlyForDeploymentPostprocessing = 0;
		};
/* End PBXSourcesBuildPhase section */

/* Begin PBXVariantGroup section */
		1E99F2C02C6217D400E1B6D0 /* LaunchScreen.storyboard */ = {
			isa = PBXVariantGroup;
			children = (
				1E99F2C12C6217D400E1B6D0 /* Base */,
			);
			name = LaunchScreen.storyboard;
			sourceTree = "<group>";
		};
/* End PBXVariantGroup section */

/* Begin XCBuildConfiguration section */
		1E99F2C42C6217D400E1B6D0 /* Debug */ = {
			isa = XCBuildConfiguration;
			buildSettings = {
				ALWAYS_SEARCH_USER_PATHS = NO;
				ASSETCATALOG_COMPILER_GENERATE_SWIFT_ASSET_SYMBOL_EXTENSIONS = YES;
				CLANG_ANALYZER_NONNULL = YES;
				CLANG_ANALYZER_NUMBER_OBJECT_CONVERSION = YES_AGGRESSIVE;
				CLANG_CXX_LANGUAGE_STANDARD = "gnu++20";
				CLANG_ENABLE_MODULES = YES;
				CLANG_ENABLE_OBJC_ARC = YES;
				CLANG_ENABLE_OBJC_WEAK = YES;
				CLANG_WARN_BLOCK_CAPTURE_AUTORELEASING = YES;
				CLANG_WARN_BOOL_CONVERSION = YES;
				CLANG_WARN_COMMA = YES;
				CLANG_WARN_CONSTANT_CONVERSION = YES;
				CLANG_WARN_DEPRECATED_OBJC_IMPLEMENTATIONS = YES;
				CLANG_WARN_DIRECT_OBJC_ISA_USAGE = YES_ERROR;
				CLANG_WARN_DOCUMENTATION_COMMENTS = YES;
				CLANG_WARN_EMPTY_BODY = YES;
				CLANG_WARN_ENUM_CONVERSION = YES;
				CLANG_WARN_INFINITE_RECURSION = YES;
				CLANG_WARN_INT_CONVERSION = YES;
				CLANG_WARN_NON_LITERAL_NULL_CONVERSION = YES;
				CLANG_WARN_OBJC_IMPLICIT_RETAIN_SELF = YES;
				CLANG_WARN_OBJC_LITERAL_CONVERSION = YES;
				CLANG_WARN_OBJC_ROOT_CLASS = YES_ERROR;
				CLANG_WARN_QUOTED_INCLUDE_IN_FRAMEWORK_HEADER = YES;
				CLANG_WARN_RANGE_LOOP_ANALYSIS = YES;
				CLANG_WARN_STRICT_PROTOTYPES = YES;
				CLANG_WARN_SUSPICIOUS_MOVE = YES;
				CLANG_WARN_UNGUARDED_AVAILABILITY = YES_AGGRESSIVE;
				CLANG_WARN_UNREACHABLE_CODE = YES;
				CLANG_WARN__DUPLICATE_METHOD_MATCH = YES;
				COPY_PHASE_STRIP = NO;
				DEBUG_INFORMATION_FORMAT = dwarf;
				ENABLE_STRICT_OBJC_MSGSEND = YES;
				ENABLE_TESTABILITY = YES;
				ENABLE_USER_SCRIPT_SANDBOXING = YES;
				GCC_C_LANGUAGE_STANDARD = gnu17;
				GCC_DYNAMIC_NO_PIC = NO;
				GCC_NO_COMMON_BLOCKS = YES;
				GCC_OPTIMIZATION_LEVEL = 0;
				GCC_PREPROCESSOR_DEFINITIONS = (
					"DEBUG=1",
					"$(inherited)",
				);
				GCC_WARN_64_TO_32_BIT_CONVERSION = YES;
				GCC_WARN_ABOUT_RETURN_TYPE = YES_ERROR;
				GCC_WARN_UNDECLARED_SELECTOR = YES;
				GCC_WARN_UNINITIALIZED_AUTOS = YES_AGGRESSIVE;
				GCC_WARN_UNUSED_FUNCTION = YES;
				GCC_WARN_UNUSED_VARIABLE = YES;
				IPHONEOS_DEPLOYMENT_TARGET = 17.2;
				LOCALIZATION_PREFERS_STRING_CATALOGS = YES;
				MTL_ENABLE_DEBUG_INFO = INCLUDE_SOURCE;
				MTL_FAST_MATH = YES;
				ONLY_ACTIVE_ARCH = YES;
				SDKROOT = iphoneos;
				SWIFT_ACTIVE_COMPILATION_CONDITIONS = "DEBUG $(inherited)";
				SWIFT_OPTIMIZATION_LEVEL = "-Onone";
			};
			name = Debug;
		};
		1E99F2C52C6217D400E1B6D0 /* Release */ = {
			isa = XCBuildConfiguration;
			buildSettings = {
				ALWAYS_SEARCH_USER_PATHS = NO;
				ASSETCATALOG_COMPILER_GENERATE_SWIFT_ASSET_SYMBOL_EXTENSIONS = YES;
				CLANG_ANALYZER_NONNULL = YES;
				CLANG_ANALYZER_NUMBER_OBJECT_CONVERSION = YES_AGGRESSIVE;
				CLANG_CXX_LANGUAGE_STANDARD = "gnu++20";
				CLANG_ENABLE_MODULES = YES;
				CLANG_ENABLE_OBJC_ARC = YES;
				CLANG_ENABLE_OBJC_WEAK = YES;
				CLANG_WARN_BLOCK_CAPTURE_AUTORELEASING = YES;
				CLANG_WARN_BOOL_CONVERSION = YES;
				CLANG_WARN_COMMA = YES;
				CLANG_WARN_CONSTANT_CONVERSION = YES;
				CLANG_WARN_DEPRECATED_OBJC_IMPLEMENTATIONS = YES;
				CLANG_WARN_DIRECT_OBJC_ISA_USAGE = YES_ERROR;
				CLANG_WARN_DOCUMENTATION_COMMENTS = YES;
				CLANG_WARN_EMPTY_BODY = YES;
				CLANG_WARN_ENUM_CONVERSION = YES;
				CLANG_WARN_INFINITE_RECURSION = YES;
				CLANG_WARN_INT_CONVERSION = YES;
				CLANG_WARN_NON_LITERAL_NULL_CONVERSION = YES;
				CLANG_WARN_OBJC_IMPLICIT_RETAIN_SELF = YES;
				CLANG_WARN_OBJC_LITERAL_CONVERSION = YES;
				CLANG_WARN_OBJC_ROOT_CLASS = YES_ERROR;
				CLANG_WARN_QUOTED_INCLUDE_IN_FRAMEWORK_HEADER = YES;
				CLANG_WARN_RANGE_LOOP_ANALYSIS = YES;
				CLANG_WARN_STRICT_PROTOTYPES = YES;
				CLANG_WARN_SUSPICIOUS_MOVE = YES;
				CLANG_WARN_UNGUARDED_AVAILABILITY = YES_AGGRESSIVE;
				CLANG_WARN_UNREACHABLE_CODE = YES;
				CLANG_WARN__DUPLICATE_METHOD_MATCH = YES;
				COPY_PHASE_STRIP = NO;
				DEBUG_INFORMATION_FORMAT = "dwarf-with-dsym";
				ENABLE_NS_ASSERTIONS = NO;
				ENABLE_STRICT_OBJC_MSGSEND = YES;
				ENABLE_USER_SCRIPT_SANDBOXING = YES;
				GCC_C_LANGUAGE_STANDARD = gnu17;
				GCC_NO_COMMON_BLOCKS = YES;
				GCC_WARN_64_TO_32_BIT_CONVERSION = YES;
				GCC_WARN_ABOUT_RETURN_TYPE = YES_ERROR;
				GCC_WARN_UNDECLARED_SELECTOR = YES;
				GCC_WARN_UNINITIALIZED_AUTOS = YES_AGGRESSIVE;
				GCC_WARN_UNUSED_FUNCTION = YES;
				GCC_WARN_UNUSED_VARIABLE = YES;
				IPHONEOS_DEPLOYMENT_TARGET = 17.2;
				LOCALIZATION_PREFERS_STRING_CATALOGS = YES;
				MTL_ENABLE_DEBUG_INFO = NO;
				MTL_FAST_MATH = YES;
				SDKROOT = iphoneos;
				SWIFT_COMPILATION_MODE = wholemodule;
				VALIDATE_PRODUCT = YES;
			};
			name = Release;
		};
		1E99F2C72C6217D400E1B6D0 /* Debug */ = {
			isa = XCBuildConfiguration;
			baseConfigurationReference = 39FD70D155D047BB97035697 /* Pods-CryptoApp.debug.xcconfig */;
			buildSettings = {
				ASSETCATALOG_COMPILER_APPICON_NAME = AppIcon;
				ASSETCATALOG_COMPILER_GLOBAL_ACCENT_COLOR_NAME = AccentColor;
				CODE_SIGN_STYLE = Automatic;
				CURRENT_PROJECT_VERSION = 1;
				DEVELOPMENT_TEAM = A863W62WVD;
				ENABLE_USER_SCRIPT_SANDBOXING = NO;
				GENERATE_INFOPLIST_FILE = YES;
				INFOPLIST_FILE = CryptoApp/Info.plist;
				INFOPLIST_KEY_UIApplicationSupportsIndirectInputEvents = YES;
				INFOPLIST_KEY_UILaunchStoryboardName = LaunchScreen;
				INFOPLIST_KEY_UIMainStoryboardFile = "";
				INFOPLIST_KEY_UISupportedInterfaceOrientations_iPad = "UIInterfaceOrientationPortrait UIInterfaceOrientationPortraitUpsideDown UIInterfaceOrientationLandscapeLeft UIInterfaceOrientationLandscapeRight";
				INFOPLIST_KEY_UISupportedInterfaceOrientations_iPhone = "UIInterfaceOrientationPortrait UIInterfaceOrientationLandscapeLeft UIInterfaceOrientationLandscapeRight";
				IPHONEOS_DEPLOYMENT_TARGET = 15.2;
				LD_RUNPATH_SEARCH_PATHS = (
					"$(inherited)",
					"@executable_path/Frameworks",
				);
				MARKETING_VERSION = 1.0;
				PRODUCT_BUNDLE_IDENTIFIER = com.emirhanaydin.CryptoApp;
				PRODUCT_NAME = "$(TARGET_NAME)";
				SWIFT_EMIT_LOC_STRINGS = YES;
				SWIFT_VERSION = 5.0;
				TARGETED_DEVICE_FAMILY = "1,2";
			};
			name = Debug;
		};
		1E99F2C82C6217D400E1B6D0 /* Release */ = {
			isa = XCBuildConfiguration;
			baseConfigurationReference = D95EA456E24882157DD13AB5 /* Pods-CryptoApp.release.xcconfig */;
			buildSettings = {
				ASSETCATALOG_COMPILER_APPICON_NAME = AppIcon;
				ASSETCATALOG_COMPILER_GLOBAL_ACCENT_COLOR_NAME = AccentColor;
				CODE_SIGN_STYLE = Automatic;
				CURRENT_PROJECT_VERSION = 1;
				DEVELOPMENT_TEAM = A863W62WVD;
				ENABLE_USER_SCRIPT_SANDBOXING = NO;
				GENERATE_INFOPLIST_FILE = YES;
				INFOPLIST_FILE = CryptoApp/Info.plist;
				INFOPLIST_KEY_UIApplicationSupportsIndirectInputEvents = YES;
				INFOPLIST_KEY_UILaunchStoryboardName = LaunchScreen;
				INFOPLIST_KEY_UIMainStoryboardFile = "";
				INFOPLIST_KEY_UISupportedInterfaceOrientations_iPad = "UIInterfaceOrientationPortrait UIInterfaceOrientationPortraitUpsideDown UIInterfaceOrientationLandscapeLeft UIInterfaceOrientationLandscapeRight";
				INFOPLIST_KEY_UISupportedInterfaceOrientations_iPhone = "UIInterfaceOrientationPortrait UIInterfaceOrientationLandscapeLeft UIInterfaceOrientationLandscapeRight";
				IPHONEOS_DEPLOYMENT_TARGET = 15.2;
				LD_RUNPATH_SEARCH_PATHS = (
					"$(inherited)",
					"@executable_path/Frameworks",
				);
				MARKETING_VERSION = 1.0;
				PRODUCT_BUNDLE_IDENTIFIER = com.emirhanaydin.CryptoApp;
				PRODUCT_NAME = "$(TARGET_NAME)";
				SWIFT_EMIT_LOC_STRINGS = YES;
				SWIFT_VERSION = 5.0;
				TARGETED_DEVICE_FAMILY = "1,2";
			};
			name = Release;
		};
/* End XCBuildConfiguration section */

/* Begin XCConfigurationList section */
		1E99F2AD2C6217D300E1B6D0 /* Build configuration list for PBXProject "CryptoApp" */ = {
			isa = XCConfigurationList;
			buildConfigurations = (
				1E99F2C42C6217D400E1B6D0 /* Debug */,
				1E99F2C52C6217D400E1B6D0 /* Release */,
			);
			defaultConfigurationIsVisible = 0;
			defaultConfigurationName = Release;
		};
		1E99F2C62C6217D400E1B6D0 /* Build configuration list for PBXNativeTarget "CryptoApp" */ = {
			isa = XCConfigurationList;
			buildConfigurations = (
				1E99F2C72C6217D400E1B6D0 /* Debug */,
				1E99F2C82C6217D400E1B6D0 /* Release */,
			);
			defaultConfigurationIsVisible = 0;
			defaultConfigurationName = Release;
		};
/* End XCConfigurationList section */

/* Begin XCRemoteSwiftPackageReference section */
		1E99F2DD2C62478400E1B6D0 /* XCRemoteSwiftPackageReference "firebase-ios-sdk" */ = {
			isa = XCRemoteSwiftPackageReference;
			repositoryURL = "https://github.com/firebase/firebase-ios-sdk";
			requirement = {
				kind = upToNextMajorVersion;
				minimumVersion = 11.0.0;
			};
		};
		1E99F3132C63779900E1B6D0 /* XCRemoteSwiftPackageReference "JGProgressHUD" */ = {
			isa = XCRemoteSwiftPackageReference;
			repositoryURL = "https://github.com/JonasGessner/JGProgressHUD.git";
			requirement = {
				kind = upToNextMajorVersion;
				minimumVersion = 2.2.0;
			};
		};
		1E99F32D2C66101A00E1B6D0 /* XCRemoteSwiftPackageReference "Kingfisher" */ = {
			isa = XCRemoteSwiftPackageReference;
			repositoryURL = "https://github.com/onevcat/Kingfisher.git";
			requirement = {
				kind = upToNextMajorVersion;
				minimumVersion = 7.12.0;
			};
		};
		1E9A95D72C70E47700C3CE1B /* XCRemoteSwiftPackageReference "lottie-ios" */ = {
			isa = XCRemoteSwiftPackageReference;
			repositoryURL = "https://github.com/airbnb/lottie-ios.git";
			requirement = {
				kind = upToNextMajorVersion;
				minimumVersion = 4.5.0;
			};
		};
/* End XCRemoteSwiftPackageReference section */

/* Begin XCSwiftPackageProductDependency section */
		1E99F2DE2C62478400E1B6D0 /* FirebaseAnalytics */ = {
			isa = XCSwiftPackageProductDependency;
			package = 1E99F2DD2C62478400E1B6D0 /* XCRemoteSwiftPackageReference "firebase-ios-sdk" */;
			productName = FirebaseAnalytics;
		};
		1E99F2E02C62478400E1B6D0 /* FirebaseAnalyticsOnDeviceConversion */ = {
			isa = XCSwiftPackageProductDependency;
			package = 1E99F2DD2C62478400E1B6D0 /* XCRemoteSwiftPackageReference "firebase-ios-sdk" */;
			productName = FirebaseAnalyticsOnDeviceConversion;
		};
		1E99F2E22C62478400E1B6D0 /* FirebaseAnalyticsWithoutAdIdSupport */ = {
			isa = XCSwiftPackageProductDependency;
			package = 1E99F2DD2C62478400E1B6D0 /* XCRemoteSwiftPackageReference "firebase-ios-sdk" */;
			productName = FirebaseAnalyticsWithoutAdIdSupport;
		};
		1E99F2E42C62478400E1B6D0 /* FirebaseAppCheck */ = {
			isa = XCSwiftPackageProductDependency;
			package = 1E99F2DD2C62478400E1B6D0 /* XCRemoteSwiftPackageReference "firebase-ios-sdk" */;
			productName = FirebaseAppCheck;
		};
		1E99F2E62C62478400E1B6D0 /* FirebaseAppDistribution-Beta */ = {
			isa = XCSwiftPackageProductDependency;
			package = 1E99F2DD2C62478400E1B6D0 /* XCRemoteSwiftPackageReference "firebase-ios-sdk" */;
			productName = "FirebaseAppDistribution-Beta";
		};
		1E99F2E82C62478400E1B6D0 /* FirebaseAuth */ = {
			isa = XCSwiftPackageProductDependency;
			package = 1E99F2DD2C62478400E1B6D0 /* XCRemoteSwiftPackageReference "firebase-ios-sdk" */;
			productName = FirebaseAuth;
		};
		1E99F2EA2C62478400E1B6D0 /* FirebaseAuthCombine-Community */ = {
			isa = XCSwiftPackageProductDependency;
			package = 1E99F2DD2C62478400E1B6D0 /* XCRemoteSwiftPackageReference "firebase-ios-sdk" */;
			productName = "FirebaseAuthCombine-Community";
		};
		1E99F2EC2C62478400E1B6D0 /* FirebaseCrashlytics */ = {
			isa = XCSwiftPackageProductDependency;
			package = 1E99F2DD2C62478400E1B6D0 /* XCRemoteSwiftPackageReference "firebase-ios-sdk" */;
			productName = FirebaseCrashlytics;
		};
		1E99F2EE2C62478400E1B6D0 /* FirebaseDatabase */ = {
			isa = XCSwiftPackageProductDependency;
			package = 1E99F2DD2C62478400E1B6D0 /* XCRemoteSwiftPackageReference "firebase-ios-sdk" */;
			productName = FirebaseDatabase;
		};
		1E99F2F02C62478400E1B6D0 /* FirebaseDynamicLinks */ = {
			isa = XCSwiftPackageProductDependency;
			package = 1E99F2DD2C62478400E1B6D0 /* XCRemoteSwiftPackageReference "firebase-ios-sdk" */;
			productName = FirebaseDynamicLinks;
		};
		1E99F2F22C62478400E1B6D0 /* FirebaseFirestore */ = {
			isa = XCSwiftPackageProductDependency;
			package = 1E99F2DD2C62478400E1B6D0 /* XCRemoteSwiftPackageReference "firebase-ios-sdk" */;
			productName = FirebaseFirestore;
		};
		1E99F2F42C62478400E1B6D0 /* FirebaseFirestoreCombine-Community */ = {
			isa = XCSwiftPackageProductDependency;
			package = 1E99F2DD2C62478400E1B6D0 /* XCRemoteSwiftPackageReference "firebase-ios-sdk" */;
			productName = "FirebaseFirestoreCombine-Community";
		};
		1E99F2F62C62478400E1B6D0 /* FirebaseFunctions */ = {
			isa = XCSwiftPackageProductDependency;
			package = 1E99F2DD2C62478400E1B6D0 /* XCRemoteSwiftPackageReference "firebase-ios-sdk" */;
			productName = FirebaseFunctions;
		};
		1E99F2F82C62478400E1B6D0 /* FirebaseFunctionsCombine-Community */ = {
			isa = XCSwiftPackageProductDependency;
			package = 1E99F2DD2C62478400E1B6D0 /* XCRemoteSwiftPackageReference "firebase-ios-sdk" */;
			productName = "FirebaseFunctionsCombine-Community";
		};
		1E99F2FA2C62478400E1B6D0 /* FirebaseInAppMessaging-Beta */ = {
			isa = XCSwiftPackageProductDependency;
			package = 1E99F2DD2C62478400E1B6D0 /* XCRemoteSwiftPackageReference "firebase-ios-sdk" */;
			productName = "FirebaseInAppMessaging-Beta";
		};
		1E99F2FC2C62478400E1B6D0 /* FirebaseInstallations */ = {
			isa = XCSwiftPackageProductDependency;
			package = 1E99F2DD2C62478400E1B6D0 /* XCRemoteSwiftPackageReference "firebase-ios-sdk" */;
			productName = FirebaseInstallations;
		};
		1E99F2FE2C62478400E1B6D0 /* FirebaseMLModelDownloader */ = {
			isa = XCSwiftPackageProductDependency;
			package = 1E99F2DD2C62478400E1B6D0 /* XCRemoteSwiftPackageReference "firebase-ios-sdk" */;
			productName = FirebaseMLModelDownloader;
		};
		1E99F3002C62478400E1B6D0 /* FirebaseMessaging */ = {
			isa = XCSwiftPackageProductDependency;
			package = 1E99F2DD2C62478400E1B6D0 /* XCRemoteSwiftPackageReference "firebase-ios-sdk" */;
			productName = FirebaseMessaging;
		};
		1E99F3022C62478400E1B6D0 /* FirebasePerformance */ = {
			isa = XCSwiftPackageProductDependency;
			package = 1E99F2DD2C62478400E1B6D0 /* XCRemoteSwiftPackageReference "firebase-ios-sdk" */;
			productName = FirebasePerformance;
		};
		1E99F3042C62478400E1B6D0 /* FirebaseRemoteConfig */ = {
			isa = XCSwiftPackageProductDependency;
			package = 1E99F2DD2C62478400E1B6D0 /* XCRemoteSwiftPackageReference "firebase-ios-sdk" */;
			productName = FirebaseRemoteConfig;
		};
		1E99F3062C62478400E1B6D0 /* FirebaseStorage */ = {
			isa = XCSwiftPackageProductDependency;
			package = 1E99F2DD2C62478400E1B6D0 /* XCRemoteSwiftPackageReference "firebase-ios-sdk" */;
			productName = FirebaseStorage;
		};
		1E99F3082C62478400E1B6D0 /* FirebaseStorageCombine-Community */ = {
			isa = XCSwiftPackageProductDependency;
			package = 1E99F2DD2C62478400E1B6D0 /* XCRemoteSwiftPackageReference "firebase-ios-sdk" */;
			productName = "FirebaseStorageCombine-Community";
		};
		1E99F30A2C62478400E1B6D0 /* FirebaseVertexAI-Preview */ = {
			isa = XCSwiftPackageProductDependency;
			package = 1E99F2DD2C62478400E1B6D0 /* XCRemoteSwiftPackageReference "firebase-ios-sdk" */;
			productName = "FirebaseVertexAI-Preview";
		};
		1E99F3142C63779900E1B6D0 /* JGProgressHUD */ = {
			isa = XCSwiftPackageProductDependency;
			package = 1E99F3132C63779900E1B6D0 /* XCRemoteSwiftPackageReference "JGProgressHUD" */;
			productName = JGProgressHUD;
		};
		1E99F32E2C66101A00E1B6D0 /* Kingfisher */ = {
			isa = XCSwiftPackageProductDependency;
			package = 1E99F32D2C66101A00E1B6D0 /* XCRemoteSwiftPackageReference "Kingfisher" */;
			productName = Kingfisher;
		};
		1E9A95D82C70E47700C3CE1B /* Lottie */ = {
			isa = XCSwiftPackageProductDependency;
			package = 1E9A95D72C70E47700C3CE1B /* XCRemoteSwiftPackageReference "lottie-ios" */;
			productName = Lottie;
		};
/* End XCSwiftPackageProductDependency section */
	};
	rootObject = 1E99F2AA2C6217D300E1B6D0 /* Project object */;
}
